
Microsoft Visual Studio Solution File, Format Version 12.00
# Visual Studio Version 17
VisualStudioVersion = 17.13.35806.99 d17.13
MinimumVisualStudioVersion = 10.0.40219.1
Project("{FAE04EC0-301F-11D3-BF4B-00C04F79EFBC}") = "StorageManagement", "StorageManagement\StorageManagement.csproj", "{AA9DD2DF-BA85-4BC4-8FC3-820B0E7D179B}"
EndProject
Global
	GlobalSection(SolutionConfigurationPlatforms) = preSolution
		Debug|Any CPU = Debug|Any CPU
		Release|Any CPU = Release|Any CPU
	EndGlobalSection
	GlobalSection(ProjectConfigurationPlatforms) = postSolution
		{AA9DD2DF-BA85-4BC4-8FC3-820B0E7D179B}.Debug|Any CPU.ActiveCfg = Debug|Any CPU
		{AA9DD2DF-BA85-4BC4-8FC3-820B0E7D179B}.Debug|Any CPU.Build.0 = Debug|Any CPU
		{AA9DD2DF-BA85-4BC4-8FC3-820B0E7D179B}.Release|Any CPU.ActiveCfg = Release|Any CPU
		{AA9DD2DF-BA85-4BC4-8FC3-820B0E7D179B}.Release|Any CPU.Build.0 = Release|Any CPU
	EndGlobalSection
	GlobalSection(SolutionProperties) = preSolution
		HideSolutionNode = FALSE
	EndGlobalSection
	GlobalSection(ExtensibilityGlobals) = postSolution
		SolutionGuid = {EFDF69D4-409A-49F8-AD61-E303355CADAE}
	EndGlobalSection
EndGlobal
