Microsoft Visual Studio Solution File, Format Version 12.00
# Visual Studio Version 17
VisualStudioVersion = 17.5.2.0
MinimumVisualStudioVersion = 10.0.40219.1
Project("{FAE04EC0-301F-11D3-BF4B-00C04F79EFBC}") = "testeventgrid", "testeventgrid.csproj", "{5550DE12-FEBF-F191-7BBA-6A5416FC0778}"
EndProject
Global
	GlobalSection(SolutionConfigurationPlatforms) = preSolution
		Debug|Any CPU = Debug|Any CPU
		Release|Any CPU = Release|Any CPU
	EndGlobalSection
	GlobalSection(ProjectConfigurationPlatforms) = postSolution
		{5550DE12-FEBF-F191-7BBA-6A5416FC0778}.Debug|Any CPU.ActiveCfg = Debug|Any CPU
		{5550DE12-FEBF-F191-7BBA-6A5416FC0778}.Debug|Any CPU.Build.0 = Debug|Any CPU
		{5550DE12-FEBF-F191-7BBA-6A5416FC0778}.Release|Any CPU.ActiveCfg = Release|Any CPU
		{5550DE12-FEBF-F191-7BBA-6A5416FC0778}.Release|Any CPU.Build.0 = Release|Any CPU
	EndGlobalSection
	GlobalSection(SolutionProperties) = preSolution
		HideSolutionNode = FALSE
	EndGlobalSection
	GlobalSection(ExtensibilityGlobals) = postSolution
		SolutionGuid = {6EB8AC0F-235B-453C-B0C9-9D24C94A8905}
	EndGlobalSection
EndGlobal
